
Microsoft Visual Studio Solution File, Format Version 12.00
# Visual Studio Version 17
VisualStudioVersion = 17.2.32630.192
MinimumVisualStudioVersion = 10.0.40219.1
Project("{FAE04EC0-301F-11D3-BF4B-00C04F79EFBC}") = "Pholium.Template", "Pholium\Pholium.Template.csproj", "{05F68A87-E73C-4514-9D16-F089E22B698A}"
EndProject
Project("{2150E333-8FDC-42A3-9474-1A3956D46DE8}") = "1-Web", "1-Web", "{EE0C3C8B-EE1B-48CC-9859-4061BBF86B0C}"
EndProject
Project("{2150E333-8FDC-42A3-9474-1A3956D46DE8}") = "2-Application", "2-Application", "{E4B8FFB1-19F1-44EB-B23A-A08D70AFCA30}"
EndProject
Project("{2150E333-8FDC-42A3-9474-1A3956D46DE8}") = "3-Domain", "3-Domain", "{F8E9FB43-67FB-4C9B-BCC2-4D8B0757C82C}"
EndProject
Project("{2150E333-8FDC-42A3-9474-1A3956D46DE8}") = "4-Infra", "4-Infra", "{9A02F139-6D1B-4AAB-93CA-B0D01A74D462}"
EndProject
Project("{FAE04EC0-301F-11D3-BF4B-00C04F79EFBC}") = "Pholium.Application", "Pholium.Application\Pholium.Application.csproj", "{908714AB-A722-4A1A-941E-2C13891335EA}"
EndProject
Project("{FAE04EC0-301F-11D3-BF4B-00C04F79EFBC}") = "Pholium.Domain", "Pholium.Domain\Pholium.Domain.csproj", "{6648A024-8BBE-469A-8648-9E9C92BD421D}"
EndProject
Project("{2150E333-8FDC-42A3-9474-1A3956D46DE8}") = "4.1-Data", "4.1-Data", "{ED667FA1-D9A7-44E2-B3B2-3A502B4DA1C1}"
EndProject
Project("{FAE04EC0-301F-11D3-BF4B-00C04F79EFBC}") = "Pholium.Data", "Pholium.Data\Pholium.Data.csproj", "{AE3F957C-2D8F-4751-8264-51857C270429}"
EndProject
Project("{2150E333-8FDC-42A3-9474-1A3956D46DE8}") = "4.2-CrossCutting", "4.2-CrossCutting", "{C00273D9-1598-49F7-82E8-575A787FF600}"
EndProject
Global
	GlobalSection(SolutionConfigurationPlatforms) = preSolution
		Debug|Any CPU = Debug|Any CPU
		Release|Any CPU = Release|Any CPU
	EndGlobalSection
	GlobalSection(ProjectConfigurationPlatforms) = postSolution
		{05F68A87-E73C-4514-9D16-F089E22B698A}.Debug|Any CPU.ActiveCfg = Debug|Any CPU
		{05F68A87-E73C-4514-9D16-F089E22B698A}.Debug|Any CPU.Build.0 = Debug|Any CPU
		{05F68A87-E73C-4514-9D16-F089E22B698A}.Release|Any CPU.ActiveCfg = Release|Any CPU
		{05F68A87-E73C-4514-9D16-F089E22B698A}.Release|Any CPU.Build.0 = Release|Any CPU
		{908714AB-A722-4A1A-941E-2C13891335EA}.Debug|Any CPU.ActiveCfg = Debug|Any CPU
		{908714AB-A722-4A1A-941E-2C13891335EA}.Debug|Any CPU.Build.0 = Debug|Any CPU
		{908714AB-A722-4A1A-941E-2C13891335EA}.Release|Any CPU.ActiveCfg = Release|Any CPU
		{908714AB-A722-4A1A-941E-2C13891335EA}.Release|Any CPU.Build.0 = Release|Any CPU
		{6648A024-8BBE-469A-8648-9E9C92BD421D}.Debug|Any CPU.ActiveCfg = Debug|Any CPU
		{6648A024-8BBE-469A-8648-9E9C92BD421D}.Debug|Any CPU.Build.0 = Debug|Any CPU
		{6648A024-8BBE-469A-8648-9E9C92BD421D}.Release|Any CPU.ActiveCfg = Release|Any CPU
		{6648A024-8BBE-469A-8648-9E9C92BD421D}.Release|Any CPU.Build.0 = Release|Any CPU
		{AE3F957C-2D8F-4751-8264-51857C270429}.Debug|Any CPU.ActiveCfg = Debug|Any CPU
		{AE3F957C-2D8F-4751-8264-51857C270429}.Debug|Any CPU.Build.0 = Debug|Any CPU
		{AE3F957C-2D8F-4751-8264-51857C270429}.Release|Any CPU.ActiveCfg = Release|Any CPU
		{AE3F957C-2D8F-4751-8264-51857C270429}.Release|Any CPU.Build.0 = Release|Any CPU
	EndGlobalSection
	GlobalSection(SolutionProperties) = preSolution
		HideSolutionNode = FALSE
	EndGlobalSection
	GlobalSection(NestedProjects) = preSolution
		{05F68A87-E73C-4514-9D16-F089E22B698A} = {EE0C3C8B-EE1B-48CC-9859-4061BBF86B0C}
		{908714AB-A722-4A1A-941E-2C13891335EA} = {E4B8FFB1-19F1-44EB-B23A-A08D70AFCA30}
		{6648A024-8BBE-469A-8648-9E9C92BD421D} = {F8E9FB43-67FB-4C9B-BCC2-4D8B0757C82C}
		{ED667FA1-D9A7-44E2-B3B2-3A502B4DA1C1} = {9A02F139-6D1B-4AAB-93CA-B0D01A74D462}
		{AE3F957C-2D8F-4751-8264-51857C270429} = {ED667FA1-D9A7-44E2-B3B2-3A502B4DA1C1}
		{C00273D9-1598-49F7-82E8-575A787FF600} = {9A02F139-6D1B-4AAB-93CA-B0D01A74D462}
	EndGlobalSection
	GlobalSection(ExtensibilityGlobals) = postSolution
		SolutionGuid = {79AF37C9-FEE7-437C-BB16-725F8A7FD708}
	EndGlobalSection
EndGlobal
